{
  "nodes": {
    "dpf": {
      "flake": false,
      "locked": {
        "lastModified": 1757317217,
        "narHash": "sha256-3FuOcjymIoa8T+Ehv56YJQyLEO44MgyYQyxIOz/7L08=",
        "owner": "DISTRHO",
        "repo": "DPF",
        "rev": "d47aaadfdfe47b7841bf03b76971fa83579f6a64",
        "type": "github"
      },
      "original": {
        "owner": "DISTRHO",
        "repo": "DPF",
        "type": "github"
      }
    },
    "flake-utils": {
      "inputs": {
        "systems": "systems"
      },
      "locked": {
        "lastModified": 1731533236,
        "narHash": "sha256-l0KFg5HjrsfsO/JpG+r7fRrqm12kzFHyUHqHCVpMMbI=",
        "owner": "numtide",
        "repo": "flake-utils",
        "rev": "11707dc2f618dd54ca8739b309ec4fc024de578b",
        "type": "github"
      },
      "original": {
        "owner": "numtide",
        "repo": "flake-utils",
        "type": "github"
      }
    },
    "nam": {
      "flake": false,
      "locked": {
        "lastModified": 1758672347,
        "narHash": "sha256-NUxUOvMpv7qU42ePCFIrdzK3PWMh2UtpI8GZ3UGaXy0=",
        "owner": "BugsAplenty",
        "repo": "NeuralAmpModelerCore",
        "rev": "3aec70385f1a82360c14ccdcaff93434a90128f2",
        "type": "github"
      },
      "original": {
        "owner": "BugsAplenty",
        "repo": "NeuralAmpModelerCore",
        "type": "github"
      }
    },
    "nixpkgs": {
      "locked": {
        "lastModified": 1735563628,
        "narHash": "sha256-OnSAY7XDSx7CtDoqNh8jwVwh4xNL/2HaJxGjryLWzX8=",
        "owner": "NixOS",
        "repo": "nixpkgs",
        "rev": "b134951a4c9f3c995fd7be05f3243f8ecd65d798",
        "type": "github"
      },
      "original": {
        "owner": "NixOS",
        "ref": "nixos-24.05",
        "repo": "nixpkgs",
        "type": "github"
      }
    },
    "root": {
      "inputs": {
        "dpf": "dpf",
        "flake-utils": "flake-utils",
        "nam": "nam",
        "nixpkgs": "nixpkgs"
      }
    },
    "systems": {
      "locked": {
        "lastModified": 1681028828,
        "narHash": "sha256-Vy1rq5AaRuLzOxct8nz4T6wlgyUR7zLU309k9mBC768=",
        "owner": "nix-systems",
        "repo": "default",
        "rev": "da67096a3b9bf56a91d16901293e51ba5b49a27e",
        "type": "github"
      },
      "original": {
        "owner": "nix-systems",
        "repo": "default",
        "type": "github"
      }
    }
  },
  "root": "root",
  "version": 7
}
